
Microsoft Visual Studio Solution File, Format Version 12.00
# Visual Studio 15
VisualStudioVersion = 15.0.27428.2015
MinimumVisualStudioVersion = 10.0.40219.1
Project("{FAE04EC0-301F-11D3-BF4B-00C04F79EFBC}") = "KR.FractionOps.App", "KR.FractionOps.App\KR.FractionOps.App.csproj", "{C9B0F68F-72AE-4BC3-8951-01CDAC5165EA}"
	ProjectSection(ProjectDependencies) = postProject
		{7F9B247A-4365-4D81-A24E-BDA3DF38EC41} = {7F9B247A-4365-4D81-A24E-BDA3DF38EC41}
	EndProjectSection
EndProject
Project("{FAE04EC0-301F-11D3-BF4B-00C04F79EFBC}") = "KR.FractionOps.Test", "TestFractions\KR.FractionOps.Test.csproj", "{CD61A530-525B-4470-9A5F-C3D0E7EA5030}"
EndProject
Project("{FAE04EC0-301F-11D3-BF4B-00C04F79EFBC}") = "KR.FractionOps.BusinessLayer", "KR.FractionOps.BC\KR.FractionOps.BusinessLayer.csproj", "{7F9B247A-4365-4D81-A24E-BDA3DF38EC41}"
EndProject
Global
	GlobalSection(SolutionConfigurationPlatforms) = preSolution
		Debug|Any CPU = Debug|Any CPU
		Release|Any CPU = Release|Any CPU
	EndGlobalSection
	GlobalSection(ProjectConfigurationPlatforms) = postSolution
		{C9B0F68F-72AE-4BC3-8951-01CDAC5165EA}.Debug|Any CPU.ActiveCfg = Debug|Any CPU
		{C9B0F68F-72AE-4BC3-8951-01CDAC5165EA}.Debug|Any CPU.Build.0 = Debug|Any CPU
		{C9B0F68F-72AE-4BC3-8951-01CDAC5165EA}.Release|Any CPU.ActiveCfg = Release|Any CPU
		{C9B0F68F-72AE-4BC3-8951-01CDAC5165EA}.Release|Any CPU.Build.0 = Release|Any CPU
		{CD61A530-525B-4470-9A5F-C3D0E7EA5030}.Debug|Any CPU.ActiveCfg = Debug|Any CPU
		{CD61A530-525B-4470-9A5F-C3D0E7EA5030}.Debug|Any CPU.Build.0 = Debug|Any CPU
		{CD61A530-525B-4470-9A5F-C3D0E7EA5030}.Release|Any CPU.ActiveCfg = Release|Any CPU
		{CD61A530-525B-4470-9A5F-C3D0E7EA5030}.Release|Any CPU.Build.0 = Release|Any CPU
		{7F9B247A-4365-4D81-A24E-BDA3DF38EC41}.Debug|Any CPU.ActiveCfg = Debug|Any CPU
		{7F9B247A-4365-4D81-A24E-BDA3DF38EC41}.Debug|Any CPU.Build.0 = Debug|Any CPU
		{7F9B247A-4365-4D81-A24E-BDA3DF38EC41}.Release|Any CPU.ActiveCfg = Release|Any CPU
		{7F9B247A-4365-4D81-A24E-BDA3DF38EC41}.Release|Any CPU.Build.0 = Release|Any CPU
	EndGlobalSection
	GlobalSection(SolutionProperties) = preSolution
		HideSolutionNode = FALSE
	EndGlobalSection
	GlobalSection(ExtensibilityGlobals) = postSolution
		SolutionGuid = {270BD054-F63F-429E-A329-FF9CEFC8F1AC}
	EndGlobalSection
EndGlobal
